{
  "name": "react-native-alarmageddon",
  "version": "2.1.1",
  "lockfileVersion": 3,
  "requires": true,
  "packages": {
    "": {
      "name": "react-native-alarmageddon",
      "version": "2.1.1",
      "license": "MIT",
      "devDependencies": {
        "@types/react": "^18.0.0",
        "@types/react-native": "^0.72.0",
        "typescript": "^5.0.0"
      },
      "peerDependencies": {
        "react": ">=16.8.0",
        "react-native": ">=0.60.0"
      }
    },
    "example": {
      "version": "1.0.0",
      "extraneous": true,
      "dependencies": {
        "expo": "~54.0.33",
        "expo-status-bar": "~3.0.9",
        "react": "19.1.0",
        "react-native": "0.81.5",
        "react-native-alarmageddon": "*"
      },
      "devDependencies": {
        "@types/react": "~19.1.0",
        "typescript": "~5.9.2"
      }
    },
    "example-app": {
      "version": "1.0.0",
      "extraneous": true,
      "dependencies": {
        "@expo/vector-icons": "^15.0.3",
        "@react-navigation/bottom-tabs": "^7.4.0",
        "@react-navigation/elements": "^2.6.3",
        "@react-navigation/native": "^7.1.8",
        "expo": "~54.0.33",
        "expo-constants": "~18.0.13",
        "expo-font": "~14.0.11",
        "expo-haptics": "~15.0.8",
        "expo-image": "~3.0.11",
        "expo-linking": "~8.0.11",
        "expo-router": "~6.0.23",
        "expo-splash-screen": "~31.0.13",
        "expo-status-bar": "~3.0.9",
        "expo-symbols": "~1.0.8",
        "expo-system-ui": "~6.0.9",
        "expo-web-browser": "~15.0.10",
        "react": "19.1.0",
        "react-dom": "19.1.0",
        "react-native": "0.81.5",
        "react-native-alarmageddon": "file:..",
        "react-native-gesture-handler": "~2.28.0",
        "react-native-reanimated": "~4.1.1",
        "react-native-safe-area-context": "~5.6.0",
        "react-native-screens": "~4.16.0",
        "react-native-web": "~0.21.0",
        "react-native-worklets": "0.5.1"
      },
      "devDependencies": {
        "@types/react": "~19.1.0",
        "eslint": "^9.25.0",
        "eslint-config-expo": "~10.0.0",
        "typescript": "~5.9.2"
      }
    },
    "node_modules/@react-native/virtualized-lists": {
      "version": "0.72.8",
      "resolved": "https://registry.npmjs.org/@react-native/virtualized-lists/-/virtualized-lists-0.72.8.tgz",
      "integrity": "sha512-J3Q4Bkuo99k7mu+jPS9gSUSgq+lLRSI/+ahXNwV92XgJ/8UgOTxu2LPwhJnBk/sQKxq7E8WkZBnBiozukQMqrw==",
      "dev": true,
      "license": "MIT",
      "dependencies": {
        "invariant": "^2.2.4",
        "nullthrows": "^1.1.1"
      },
      "peerDependencies": {
        "react-native": "*"
      }
    },
    "node_modules/@types/prop-types": {
      "version": "15.7.15",
      "resolved": "https://registry.npmjs.org/@types/prop-types/-/prop-types-15.7.15.tgz",
      "integrity": "sha512-F6bEyamV9jKGAFBEmlQnesRPGOQqS2+Uwi0Em15xenOxHaf2hv6L8YCVn3rPdPJOiJfPiCnLIRyvwVaqMY3MIw==",
      "dev": true,
      "license": "MIT"
    },
    "node_modules/@types/react": {
      "version": "18.3.28",
      "resolved": "https://registry.npmjs.org/@types/react/-/react-18.3.28.tgz",
      "integrity": "sha512-z9VXpC7MWrhfWipitjNdgCauoMLRdIILQsAEV+ZesIzBq/oUlxk0m3ApZuMFCXdnS4U7KrI+l3WRUEGQ8K1QKw==",
      "dev": true,
      "license": "MIT",
      "dependencies": {
        "@types/prop-types": "*",
        "csstype": "^3.2.2"
      }
    },
    "node_modules/@types/react-native": {
      "version": "0.72.8",
      "resolved": "https://registry.npmjs.org/@types/react-native/-/react-native-0.72.8.tgz",
      "integrity": "sha512-St6xA7+EoHN5mEYfdWnfYt0e8u6k2FR0P9s2arYgakQGFgU1f9FlPrIEcj0X24pLCF5c5i3WVuLCUdiCYHmOoA==",
      "dev": true,
      "license": "MIT",
      "dependencies": {
        "@react-native/virtualized-lists": "^0.72.4",
        "@types/react": "*"
      }
    },
    "node_modules/csstype": {
      "version": "3.2.3",
      "resolved": "https://registry.npmjs.org/csstype/-/csstype-3.2.3.tgz",
      "integrity": "sha512-z1HGKcYy2xA8AGQfwrn0PAy+PB7X/GSj3UVJW9qKyn43xWa+gl5nXmU4qqLMRzWVLFC8KusUX8T/0kCiOYpAIQ==",
      "dev": true,
      "license": "MIT"
    },
    "node_modules/invariant": {
      "version": "2.2.4",
      "resolved": "https://registry.npmjs.org/invariant/-/invariant-2.2.4.tgz",
      "integrity": "sha512-phJfQVBuaJM5raOpJjSfkiD6BpbCE4Ns//LaXl6wGYtUBY83nWS6Rf9tXm2e8VaK60JEjYldbPif/A2B1C2gNA==",
      "dev": true,
      "license": "MIT",
      "dependencies": {
        "loose-envify": "^1.0.0"
      }
    },
    "node_modules/js-tokens": {
      "version": "4.0.0",
      "resolved": "https://registry.npmjs.org/js-tokens/-/js-tokens-4.0.0.tgz",
      "integrity": "sha512-RdJUflcE3cUzKiMqQgsCu06FPu9UdIJO0beYbPhHN4k6apgJtifcoCtT9bcxOpYBtpD2kCM6Sbzg4CausW/PKQ==",
      "dev": true,
      "license": "MIT"
    },
    "node_modules/loose-envify": {
      "version": "1.4.0",
      "resolved": "https://registry.npmjs.org/loose-envify/-/loose-envify-1.4.0.tgz",
      "integrity": "sha512-lyuxPGr/Wfhrlem2CL/UcnUc1zcqKAImBDzukY7Y5F/yQiNdko6+fRLevlw1HgMySw7f611UIY408EtxRSoK3Q==",
      "dev": true,
      "license": "MIT",
      "dependencies": {
        "js-tokens": "^3.0.0 || ^4.0.0"
      },
      "bin": {
        "loose-envify": "cli.js"
      }
    },
    "node_modules/nullthrows": {
      "version": "1.1.1",
      "resolved": "https://registry.npmjs.org/nullthrows/-/nullthrows-1.1.1.tgz",
      "integrity": "sha512-2vPPEi+Z7WqML2jZYddDIfy5Dqb0r2fze2zTxNNknZaFpVHU3mFB3R+DWeJWGVx0ecvttSGlJTI+WG+8Z4cDWw==",
      "dev": true,
      "license": "MIT"
    },
    "node_modules/typescript": {
      "version": "5.9.3",
      "resolved": "https://registry.npmjs.org/typescript/-/typescript-5.9.3.tgz",
      "integrity": "sha512-jl1vZzPDinLr9eUt3J/t7V6FgNEw9QjvBPdysz9KfQDD41fQrC2Y4vKQdiaUpFT4bXlb1RHhLpp8wtm6M5TgSw==",
      "dev": true,
      "license": "Apache-2.0",
      "bin": {
        "tsc": "bin/tsc",
        "tsserver": "bin/tsserver"
      },
      "engines": {
        "node": ">=14.17"
      }
    }
  }
}
